schema: '2.0'
stages:
  test-dvclive:
    cmd: python test_live_metrics.py
    params:
      params.yaml:
        epochs: 4
        trigger: 1
    outs:
    - path: dvclive/metrics.json
      md5: ae7ec53082c3af2e250e58a96e89def1
      size: 78
    - path: dvclive/plots
      md5: 0e7db2081d6bfafa49fa421245ef194e.dir
      size: 185
      nfiles: 2
