schema: '2.0'
stages:
  test-dvclive:
    cmd: python test_live_metrics.py
    params:
      params.yaml:
        epochs: 30
        trigger: 1
    outs:
    - path: dvclive/metrics.json
      md5: f6226f76adb263b1c686e86b5cd324a9
      size: 80
    - path: dvclive/plots
      md5: fcfd81d54492f29a4022d41ad89532e5.dir
      size: 1292
      nfiles: 2
