schema: '2.0'
stages:
  test-dvclive:
    cmd: python test_live_metrics.py
    params:
      params.yaml:
        epochs: 20
        trigger: 1
    outs:
    - path: dvclive/metrics.json
      md5: 21d78be5ffe7928c63a5a9569cc25c39
      size: 78
    - path: dvclive/plots
      md5: d7d6cabea04752cc4008483026f75a45.dir
      size: 853
      nfiles: 2
